
Microsoft Visual Studio Solution File, Format Version 12.00
# Visual Studio Version 16
VisualStudioVersion = 16.0.29905.134
MinimumVisualStudioVersion = 10.0.40219.1
Project("{FAE04EC0-301F-11D3-BF4B-00C04F79EFBC}") = "Skel2Json", "Skel2JsonGUI\Skel2Json.csproj", "{754DCE47-0AC1-42DC-A481-7DB531A62CC1}"
EndProject
Global
	GlobalSection(SolutionConfigurationPlatforms) = preSolution
		Debug|Any CPU = Debug|Any CPU
		Release|Any CPU = Release|Any CPU
	EndGlobalSection
	GlobalSection(ProjectConfigurationPlatforms) = postSolution
		{754DCE47-0AC1-42DC-A481-7DB531A62CC1}.Debug|Any CPU.ActiveCfg = Debug|Any CPU
		{754DCE47-0AC1-42DC-A481-7DB531A62CC1}.Debug|Any CPU.Build.0 = Debug|Any CPU
		{754DCE47-0AC1-42DC-A481-7DB531A62CC1}.Release|Any CPU.ActiveCfg = Release|Any CPU
		{754DCE47-0AC1-42DC-A481-7DB531A62CC1}.Release|Any CPU.Build.0 = Release|Any CPU
	EndGlobalSection
	GlobalSection(SolutionProperties) = preSolution
		HideSolutionNode = FALSE
	EndGlobalSection
	GlobalSection(ExtensibilityGlobals) = postSolution
		SolutionGuid = {28365916-2F5E-46CF-BD64-446674C2F0E0}
	EndGlobalSection
EndGlobal
